
Microsoft Visual Studio Solution File, Format Version 12.00
# Visual Studio Version 16
VisualStudioVersion = 16.0.30204.135
MinimumVisualStudioVersion = 10.0.40219.1
Project("{9A19103F-16F7-4668-BE54-9A1E7A4F7556}") = "AddNamesToDatabase", "AddNamesToDatabase\AddNamesToDatabase.csproj", "{9562D055-4CC0-4609-B09D-886D42FAC55C}"
EndProject
Project("{2150E333-8FDC-42A3-9474-1A3956D46DE8}") = "Client", "Client", "{896433A7-8358-4DF1-81AB-EC92CB6A720E}"
EndProject
Project("{9A19103F-16F7-4668-BE54-9A1E7A4F7556}") = "Racing.Services", "Racing.Services\Racing.Services.csproj", "{C5C703A4-7D4D-42C4-B5BF-A893D54999AC}"
EndProject
Project("{9A19103F-16F7-4668-BE54-9A1E7A4F7556}") = "Racing.Repositories", "Racing.Repositories\Racing.Repositories.csproj", "{48983E14-2422-472F-9FC7-B8FB75A50152}"
EndProject
Project("{2150E333-8FDC-42A3-9474-1A3956D46DE8}") = "Server", "Server", "{3E533921-D34D-459E-9539-070C2DB4E5C9}"
EndProject
Project("{9A19103F-16F7-4668-BE54-9A1E7A4F7556}") = "Racing.Api.Services", "Racing.Api.Services\Racing.Api.Services.csproj", "{8DB75401-2583-4BBE-BBFC-A12B1E5DC512}"
EndProject
Project("{9A19103F-16F7-4668-BE54-9A1E7A4F7556}") = "Racing.Api.Repositories", "Racing.Api.Repositories\Racing.Api.Repositories.csproj", "{3A198364-16AB-453D-A9E4-F1F32494985F}"
EndProject
Project("{2150E333-8FDC-42A3-9474-1A3956D46DE8}") = "Shared", "Shared", "{6EBB1A01-DF3A-4D2E-8DDA-BE2C3D968284}"
EndProject
Project("{9A19103F-16F7-4668-BE54-9A1E7A4F7556}") = "Racing.Model", "Racing.Model\Racing.Model.csproj", "{52566C21-8965-4DA2-B5D9-01E9F24314CD}"
EndProject
Project("{9A19103F-16F7-4668-BE54-9A1E7A4F7556}") = "Racing", "Racing\Racing.csproj", "{A7E6C2C2-08E3-44E9-8F78-12D5897FD46E}"
EndProject
Project("{FAE04EC0-301F-11D3-BF4B-00C04F79EFBC}") = "Racing.Api", "Racing.Api\Racing.Api.csproj", "{7AEFDD7B-A47C-4503-8234-12DBCDAB7DDD}"
EndProject
Global
	GlobalSection(SolutionConfigurationPlatforms) = preSolution
		Debug|Any CPU = Debug|Any CPU
		Release|Any CPU = Release|Any CPU
	EndGlobalSection
	GlobalSection(ProjectConfigurationPlatforms) = postSolution
		{9562D055-4CC0-4609-B09D-886D42FAC55C}.Debug|Any CPU.ActiveCfg = Debug|Any CPU
		{9562D055-4CC0-4609-B09D-886D42FAC55C}.Debug|Any CPU.Build.0 = Debug|Any CPU
		{9562D055-4CC0-4609-B09D-886D42FAC55C}.Release|Any CPU.ActiveCfg = Release|Any CPU
		{9562D055-4CC0-4609-B09D-886D42FAC55C}.Release|Any CPU.Build.0 = Release|Any CPU
		{C5C703A4-7D4D-42C4-B5BF-A893D54999AC}.Debug|Any CPU.ActiveCfg = Debug|Any CPU
		{C5C703A4-7D4D-42C4-B5BF-A893D54999AC}.Debug|Any CPU.Build.0 = Debug|Any CPU
		{C5C703A4-7D4D-42C4-B5BF-A893D54999AC}.Release|Any CPU.ActiveCfg = Release|Any CPU
		{C5C703A4-7D4D-42C4-B5BF-A893D54999AC}.Release|Any CPU.Build.0 = Release|Any CPU
		{48983E14-2422-472F-9FC7-B8FB75A50152}.Debug|Any CPU.ActiveCfg = Debug|Any CPU
		{48983E14-2422-472F-9FC7-B8FB75A50152}.Debug|Any CPU.Build.0 = Debug|Any CPU
		{48983E14-2422-472F-9FC7-B8FB75A50152}.Release|Any CPU.ActiveCfg = Release|Any CPU
		{48983E14-2422-472F-9FC7-B8FB75A50152}.Release|Any CPU.Build.0 = Release|Any CPU
		{8DB75401-2583-4BBE-BBFC-A12B1E5DC512}.Debug|Any CPU.ActiveCfg = Debug|Any CPU
		{8DB75401-2583-4BBE-BBFC-A12B1E5DC512}.Debug|Any CPU.Build.0 = Debug|Any CPU
		{8DB75401-2583-4BBE-BBFC-A12B1E5DC512}.Release|Any CPU.ActiveCfg = Release|Any CPU
		{8DB75401-2583-4BBE-BBFC-A12B1E5DC512}.Release|Any CPU.Build.0 = Release|Any CPU
		{3A198364-16AB-453D-A9E4-F1F32494985F}.Debug|Any CPU.ActiveCfg = Debug|Any CPU
		{3A198364-16AB-453D-A9E4-F1F32494985F}.Debug|Any CPU.Build.0 = Debug|Any CPU
		{3A198364-16AB-453D-A9E4-F1F32494985F}.Release|Any CPU.ActiveCfg = Release|Any CPU
		{3A198364-16AB-453D-A9E4-F1F32494985F}.Release|Any CPU.Build.0 = Release|Any CPU
		{52566C21-8965-4DA2-B5D9-01E9F24314CD}.Debug|Any CPU.ActiveCfg = Debug|Any CPU
		{52566C21-8965-4DA2-B5D9-01E9F24314CD}.Debug|Any CPU.Build.0 = Debug|Any CPU
		{52566C21-8965-4DA2-B5D9-01E9F24314CD}.Release|Any CPU.ActiveCfg = Release|Any CPU
		{52566C21-8965-4DA2-B5D9-01E9F24314CD}.Release|Any CPU.Build.0 = Release|Any CPU
		{A7E6C2C2-08E3-44E9-8F78-12D5897FD46E}.Debug|Any CPU.ActiveCfg = Debug|Any CPU
		{A7E6C2C2-08E3-44E9-8F78-12D5897FD46E}.Debug|Any CPU.Build.0 = Debug|Any CPU
		{A7E6C2C2-08E3-44E9-8F78-12D5897FD46E}.Release|Any CPU.ActiveCfg = Release|Any CPU
		{A7E6C2C2-08E3-44E9-8F78-12D5897FD46E}.Release|Any CPU.Build.0 = Release|Any CPU
		{7AEFDD7B-A47C-4503-8234-12DBCDAB7DDD}.Debug|Any CPU.ActiveCfg = Debug|Any CPU
		{7AEFDD7B-A47C-4503-8234-12DBCDAB7DDD}.Debug|Any CPU.Build.0 = Debug|Any CPU
		{7AEFDD7B-A47C-4503-8234-12DBCDAB7DDD}.Release|Any CPU.ActiveCfg = Release|Any CPU
		{7AEFDD7B-A47C-4503-8234-12DBCDAB7DDD}.Release|Any CPU.Build.0 = Release|Any CPU
	EndGlobalSection
	GlobalSection(SolutionProperties) = preSolution
		HideSolutionNode = FALSE
	EndGlobalSection
	GlobalSection(NestedProjects) = preSolution
		{C5C703A4-7D4D-42C4-B5BF-A893D54999AC} = {896433A7-8358-4DF1-81AB-EC92CB6A720E}
		{48983E14-2422-472F-9FC7-B8FB75A50152} = {896433A7-8358-4DF1-81AB-EC92CB6A720E}
		{8DB75401-2583-4BBE-BBFC-A12B1E5DC512} = {3E533921-D34D-459E-9539-070C2DB4E5C9}
		{3A198364-16AB-453D-A9E4-F1F32494985F} = {3E533921-D34D-459E-9539-070C2DB4E5C9}
		{52566C21-8965-4DA2-B5D9-01E9F24314CD} = {6EBB1A01-DF3A-4D2E-8DDA-BE2C3D968284}
		{A7E6C2C2-08E3-44E9-8F78-12D5897FD46E} = {896433A7-8358-4DF1-81AB-EC92CB6A720E}
		{7AEFDD7B-A47C-4503-8234-12DBCDAB7DDD} = {3E533921-D34D-459E-9539-070C2DB4E5C9}
	EndGlobalSection
	GlobalSection(ExtensibilityGlobals) = postSolution
		SolutionGuid = {BE11FB01-7AB7-4FD2-AD31-BD9E28E2BDF6}
	EndGlobalSection
EndGlobal
